
Microsoft Visual Studio Solution File, Format Version 12.00
# Visual Studio Version 17
VisualStudioVersion = 17.0.31903.59
MinimumVisualStudioVersion = 10.0.40219.1
Project("{2150E333-8FDC-42A3-9474-1A3956D46DE8}") = "shared", "shared", "{4F52FD11-658E-A102-6CD3-7D7C16FFA15B}"
EndProject
Project("{FAE04EC0-301F-11D3-BF4B-00C04F79EFBC}") = "BelieveOrNot.Shared", "shared\BelieveOrNot.Shared\BelieveOrNot.Shared.csproj", "{EBD0E88F-A6F3-483E-9750-AFA1EDD112FD}"
EndProject
Project("{2150E333-8FDC-42A3-9474-1A3956D46DE8}") = "rules", "rules", "{8966EFF1-A2EF-89BB-168D-3BE157AAD68F}"
EndProject
Project("{FAE04EC0-301F-11D3-BF4B-00C04F79EFBC}") = "BelieveOrNot.Rules", "rules\BelieveOrNot.Rules\BelieveOrNot.Rules.csproj", "{2B74FEC2-9CD3-4537-A951-1F6C613DE2D1}"
EndProject
Project("{FAE04EC0-301F-11D3-BF4B-00C04F79EFBC}") = "BelieveOrNot.Rules.Tests", "rules\BelieveOrNot.Rules.Tests\BelieveOrNot.Rules.Tests.csproj", "{1C89DE56-9E2C-4540-B458-2F5F9439D68F}"
EndProject
Project("{2150E333-8FDC-42A3-9474-1A3956D46DE8}") = "server", "server", "{DAD03CFC-D5FA-AC94-41C7-9ABAB326F09E}"
EndProject
Project("{FAE04EC0-301F-11D3-BF4B-00C04F79EFBC}") = "BelieveOrNot.Server", "server\BelieveOrNot.Server\BelieveOrNot.Server.csproj", "{90241F6D-2ECB-4206-82D9-99DDFD58807B}"
EndProject
Project("{FAE04EC0-301F-11D3-BF4B-00C04F79EFBC}") = "BelieveOrNot.Server.Tests", "server\BelieveOrNot.Server.Tests\BelieveOrNot.Server.Tests.csproj", "{D733BD6B-4EAB-4FAF-8D48-E77AAB56154E}"
EndProject
Global
	GlobalSection(SolutionConfigurationPlatforms) = preSolution
		Debug|Any CPU = Debug|Any CPU
		Debug|x64 = Debug|x64
		Debug|x86 = Debug|x86
		Release|Any CPU = Release|Any CPU
		Release|x64 = Release|x64
		Release|x86 = Release|x86
	EndGlobalSection
	GlobalSection(ProjectConfigurationPlatforms) = postSolution
		{EBD0E88F-A6F3-483E-9750-AFA1EDD112FD}.Debug|Any CPU.ActiveCfg = Debug|Any CPU
		{EBD0E88F-A6F3-483E-9750-AFA1EDD112FD}.Debug|Any CPU.Build.0 = Debug|Any CPU
		{EBD0E88F-A6F3-483E-9750-AFA1EDD112FD}.Debug|x64.ActiveCfg = Debug|Any CPU
		{EBD0E88F-A6F3-483E-9750-AFA1EDD112FD}.Debug|x64.Build.0 = Debug|Any CPU
		{EBD0E88F-A6F3-483E-9750-AFA1EDD112FD}.Debug|x86.ActiveCfg = Debug|Any CPU
		{EBD0E88F-A6F3-483E-9750-AFA1EDD112FD}.Debug|x86.Build.0 = Debug|Any CPU
		{EBD0E88F-A6F3-483E-9750-AFA1EDD112FD}.Release|Any CPU.ActiveCfg = Release|Any CPU
		{EBD0E88F-A6F3-483E-9750-AFA1EDD112FD}.Release|Any CPU.Build.0 = Release|Any CPU
		{EBD0E88F-A6F3-483E-9750-AFA1EDD112FD}.Release|x64.ActiveCfg = Release|Any CPU
		{EBD0E88F-A6F3-483E-9750-AFA1EDD112FD}.Release|x64.Build.0 = Release|Any CPU
		{EBD0E88F-A6F3-483E-9750-AFA1EDD112FD}.Release|x86.ActiveCfg = Release|Any CPU
		{EBD0E88F-A6F3-483E-9750-AFA1EDD112FD}.Release|x86.Build.0 = Release|Any CPU
		{2B74FEC2-9CD3-4537-A951-1F6C613DE2D1}.Debug|Any CPU.ActiveCfg = Debug|Any CPU
		{2B74FEC2-9CD3-4537-A951-1F6C613DE2D1}.Debug|Any CPU.Build.0 = Debug|Any CPU
		{2B74FEC2-9CD3-4537-A951-1F6C613DE2D1}.Debug|x64.ActiveCfg = Debug|Any CPU
		{2B74FEC2-9CD3-4537-A951-1F6C613DE2D1}.Debug|x64.Build.0 = Debug|Any CPU
		{2B74FEC2-9CD3-4537-A951-1F6C613DE2D1}.Debug|x86.ActiveCfg = Debug|Any CPU
		{2B74FEC2-9CD3-4537-A951-1F6C613DE2D1}.Debug|x86.Build.0 = Debug|Any CPU
		{2B74FEC2-9CD3-4537-A951-1F6C613DE2D1}.Release|Any CPU.ActiveCfg = Release|Any CPU
		{2B74FEC2-9CD3-4537-A951-1F6C613DE2D1}.Release|Any CPU.Build.0 = Release|Any CPU
		{2B74FEC2-9CD3-4537-A951-1F6C613DE2D1}.Release|x64.ActiveCfg = Release|Any CPU
		{2B74FEC2-9CD3-4537-A951-1F6C613DE2D1}.Release|x64.Build.0 = Release|Any CPU
		{2B74FEC2-9CD3-4537-A951-1F6C613DE2D1}.Release|x86.ActiveCfg = Release|Any CPU
		{2B74FEC2-9CD3-4537-A951-1F6C613DE2D1}.Release|x86.Build.0 = Release|Any CPU
		{1C89DE56-9E2C-4540-B458-2F5F9439D68F}.Debug|Any CPU.ActiveCfg = Debug|Any CPU
		{1C89DE56-9E2C-4540-B458-2F5F9439D68F}.Debug|Any CPU.Build.0 = Debug|Any CPU
		{1C89DE56-9E2C-4540-B458-2F5F9439D68F}.Debug|x64.ActiveCfg = Debug|Any CPU
		{1C89DE56-9E2C-4540-B458-2F5F9439D68F}.Debug|x64.Build.0 = Debug|Any CPU
		{1C89DE56-9E2C-4540-B458-2F5F9439D68F}.Debug|x86.ActiveCfg = Debug|Any CPU
		{1C89DE56-9E2C-4540-B458-2F5F9439D68F}.Debug|x86.Build.0 = Debug|Any CPU
		{1C89DE56-9E2C-4540-B458-2F5F9439D68F}.Release|Any CPU.ActiveCfg = Release|Any CPU
		{1C89DE56-9E2C-4540-B458-2F5F9439D68F}.Release|Any CPU.Build.0 = Release|Any CPU
		{1C89DE56-9E2C-4540-B458-2F5F9439D68F}.Release|x64.ActiveCfg = Release|Any CPU
		{1C89DE56-9E2C-4540-B458-2F5F9439D68F}.Release|x64.Build.0 = Release|Any CPU
		{1C89DE56-9E2C-4540-B458-2F5F9439D68F}.Release|x86.ActiveCfg = Release|Any CPU
		{1C89DE56-9E2C-4540-B458-2F5F9439D68F}.Release|x86.Build.0 = Release|Any CPU
		{90241F6D-2ECB-4206-82D9-99DDFD58807B}.Debug|Any CPU.ActiveCfg = Debug|Any CPU
		{90241F6D-2ECB-4206-82D9-99DDFD58807B}.Debug|Any CPU.Build.0 = Debug|Any CPU
		{90241F6D-2ECB-4206-82D9-99DDFD58807B}.Debug|x64.ActiveCfg = Debug|Any CPU
		{90241F6D-2ECB-4206-82D9-99DDFD58807B}.Debug|x64.Build.0 = Debug|Any CPU
		{90241F6D-2ECB-4206-82D9-99DDFD58807B}.Debug|x86.ActiveCfg = Debug|Any CPU
		{90241F6D-2ECB-4206-82D9-99DDFD58807B}.Debug|x86.Build.0 = Debug|Any CPU
		{90241F6D-2ECB-4206-82D9-99DDFD58807B}.Release|Any CPU.ActiveCfg = Release|Any CPU
		{90241F6D-2ECB-4206-82D9-99DDFD58807B}.Release|Any CPU.Build.0 = Release|Any CPU
		{90241F6D-2ECB-4206-82D9-99DDFD58807B}.Release|x64.ActiveCfg = Release|Any CPU
		{90241F6D-2ECB-4206-82D9-99DDFD58807B}.Release|x64.Build.0 = Release|Any CPU
		{90241F6D-2ECB-4206-82D9-99DDFD58807B}.Release|x86.ActiveCfg = Release|Any CPU
		{90241F6D-2ECB-4206-82D9-99DDFD58807B}.Release|x86.Build.0 = Release|Any CPU
		{D733BD6B-4EAB-4FAF-8D48-E77AAB56154E}.Debug|Any CPU.ActiveCfg = Debug|Any CPU
		{D733BD6B-4EAB-4FAF-8D48-E77AAB56154E}.Debug|Any CPU.Build.0 = Debug|Any CPU
		{D733BD6B-4EAB-4FAF-8D48-E77AAB56154E}.Debug|x64.ActiveCfg = Debug|Any CPU
		{D733BD6B-4EAB-4FAF-8D48-E77AAB56154E}.Debug|x64.Build.0 = Debug|Any CPU
		{D733BD6B-4EAB-4FAF-8D48-E77AAB56154E}.Debug|x86.ActiveCfg = Debug|Any CPU
		{D733BD6B-4EAB-4FAF-8D48-E77AAB56154E}.Debug|x86.Build.0 = Debug|Any CPU
		{D733BD6B-4EAB-4FAF-8D48-E77AAB56154E}.Release|Any CPU.ActiveCfg = Release|Any CPU
		{D733BD6B-4EAB-4FAF-8D48-E77AAB56154E}.Release|Any CPU.Build.0 = Release|Any CPU
		{D733BD6B-4EAB-4FAF-8D48-E77AAB56154E}.Release|x64.ActiveCfg = Release|Any CPU
		{D733BD6B-4EAB-4FAF-8D48-E77AAB56154E}.Release|x64.Build.0 = Release|Any CPU
		{D733BD6B-4EAB-4FAF-8D48-E77AAB56154E}.Release|x86.ActiveCfg = Release|Any CPU
		{D733BD6B-4EAB-4FAF-8D48-E77AAB56154E}.Release|x86.Build.0 = Release|Any CPU
	EndGlobalSection
	GlobalSection(SolutionProperties) = preSolution
		HideSolutionNode = FALSE
	EndGlobalSection
	GlobalSection(NestedProjects) = preSolution
		{EBD0E88F-A6F3-483E-9750-AFA1EDD112FD} = {4F52FD11-658E-A102-6CD3-7D7C16FFA15B}
		{2B74FEC2-9CD3-4537-A951-1F6C613DE2D1} = {8966EFF1-A2EF-89BB-168D-3BE157AAD68F}
		{1C89DE56-9E2C-4540-B458-2F5F9439D68F} = {8966EFF1-A2EF-89BB-168D-3BE157AAD68F}
		{90241F6D-2ECB-4206-82D9-99DDFD58807B} = {DAD03CFC-D5FA-AC94-41C7-9ABAB326F09E}
		{D733BD6B-4EAB-4FAF-8D48-E77AAB56154E} = {DAD03CFC-D5FA-AC94-41C7-9ABAB326F09E}
	EndGlobalSection
EndGlobal
