
Microsoft Visual Studio Solution File, Format Version 12.00
# Visual Studio Version 17
VisualStudioVersion = 17.0.31903.59
MinimumVisualStudioVersion = 10.0.40219.1
Project("{2150E333-8FDC-42A3-9474-1A3956D46DE8}") = "shared", "shared", "{4F52FD11-658E-A102-6CD3-7D7C16FFA15B}"
EndProject
Project("{FAE04EC0-301F-11D3-BF4B-00C04F79EFBC}") = "BelieveOrNot.Shared", "shared\BelieveOrNot.Shared\BelieveOrNot.Shared.csproj", "{7B1E1DB3-FD2B-4C0F-AC10-2A8A405E8BC6}"
EndProject
Project("{2150E333-8FDC-42A3-9474-1A3956D46DE8}") = "rules", "rules", "{8966EFF1-A2EF-89BB-168D-3BE157AAD68F}"
EndProject
Project("{FAE04EC0-301F-11D3-BF4B-00C04F79EFBC}") = "BelieveOrNot.Rules", "rules\BelieveOrNot.Rules\BelieveOrNot.Rules.csproj", "{C913C567-BC22-4CBB-BEB4-B9917397E353}"
EndProject
Project("{FAE04EC0-301F-11D3-BF4B-00C04F79EFBC}") = "BelieveOrNot.Rules.Tests", "rules\BelieveOrNot.Rules.Tests\BelieveOrNot.Rules.Tests.csproj", "{D01B7183-107A-4327-A528-7EC0F07DC758}"
EndProject
Project("{2150E333-8FDC-42A3-9474-1A3956D46DE8}") = "server", "server", "{DAD03CFC-D5FA-AC94-41C7-9ABAB326F09E}"
EndProject
Project("{FAE04EC0-301F-11D3-BF4B-00C04F79EFBC}") = "BelieveOrNot.Server", "server\BelieveOrNot.Server\BelieveOrNot.Server.csproj", "{7957FBA0-9CB2-42E4-9D3C-EE280F188A89}"
EndProject
Project("{FAE04EC0-301F-11D3-BF4B-00C04F79EFBC}") = "BelieveOrNot.Server.Tests", "server\BelieveOrNot.Server.Tests\BelieveOrNot.Server.Tests.csproj", "{BC55975B-C9EE-4659-8618-727497B89219}"
EndProject
Project("{2150E333-8FDC-42A3-9474-1A3956D46DE8}") = "client", "client", "{2CB42F12-E813-91B3-7D11-3220E40BEF4A}"
EndProject
Project("{FAE04EC0-301F-11D3-BF4B-00C04F79EFBC}") = "BelieveOrNot.Client.Avalonia", "client\BelieveOrNot.Client.Avalonia\BelieveOrNot.Client.Avalonia.csproj", "{A28DBCD2-100D-485C-ABAA-3625024B14C8}"
EndProject
Global
	GlobalSection(SolutionConfigurationPlatforms) = preSolution
		Debug|Any CPU = Debug|Any CPU
		Debug|x64 = Debug|x64
		Debug|x86 = Debug|x86
		Release|Any CPU = Release|Any CPU
		Release|x64 = Release|x64
		Release|x86 = Release|x86
	EndGlobalSection
	GlobalSection(ProjectConfigurationPlatforms) = postSolution
		{7B1E1DB3-FD2B-4C0F-AC10-2A8A405E8BC6}.Debug|Any CPU.ActiveCfg = Debug|Any CPU
		{7B1E1DB3-FD2B-4C0F-AC10-2A8A405E8BC6}.Debug|Any CPU.Build.0 = Debug|Any CPU
		{7B1E1DB3-FD2B-4C0F-AC10-2A8A405E8BC6}.Debug|x64.ActiveCfg = Debug|Any CPU
		{7B1E1DB3-FD2B-4C0F-AC10-2A8A405E8BC6}.Debug|x64.Build.0 = Debug|Any CPU
		{7B1E1DB3-FD2B-4C0F-AC10-2A8A405E8BC6}.Debug|x86.ActiveCfg = Debug|Any CPU
		{7B1E1DB3-FD2B-4C0F-AC10-2A8A405E8BC6}.Debug|x86.Build.0 = Debug|Any CPU
		{7B1E1DB3-FD2B-4C0F-AC10-2A8A405E8BC6}.Release|Any CPU.ActiveCfg = Release|Any CPU
		{7B1E1DB3-FD2B-4C0F-AC10-2A8A405E8BC6}.Release|Any CPU.Build.0 = Release|Any CPU
		{7B1E1DB3-FD2B-4C0F-AC10-2A8A405E8BC6}.Release|x64.ActiveCfg = Release|Any CPU
		{7B1E1DB3-FD2B-4C0F-AC10-2A8A405E8BC6}.Release|x64.Build.0 = Release|Any CPU
		{7B1E1DB3-FD2B-4C0F-AC10-2A8A405E8BC6}.Release|x86.ActiveCfg = Release|Any CPU
		{7B1E1DB3-FD2B-4C0F-AC10-2A8A405E8BC6}.Release|x86.Build.0 = Release|Any CPU
		{C913C567-BC22-4CBB-BEB4-B9917397E353}.Debug|Any CPU.ActiveCfg = Debug|Any CPU
		{C913C567-BC22-4CBB-BEB4-B9917397E353}.Debug|Any CPU.Build.0 = Debug|Any CPU
		{C913C567-BC22-4CBB-BEB4-B9917397E353}.Debug|x64.ActiveCfg = Debug|Any CPU
		{C913C567-BC22-4CBB-BEB4-B9917397E353}.Debug|x64.Build.0 = Debug|Any CPU
		{C913C567-BC22-4CBB-BEB4-B9917397E353}.Debug|x86.ActiveCfg = Debug|Any CPU
		{C913C567-BC22-4CBB-BEB4-B9917397E353}.Debug|x86.Build.0 = Debug|Any CPU
		{C913C567-BC22-4CBB-BEB4-B9917397E353}.Release|Any CPU.ActiveCfg = Release|Any CPU
		{C913C567-BC22-4CBB-BEB4-B9917397E353}.Release|Any CPU.Build.0 = Release|Any CPU
		{C913C567-BC22-4CBB-BEB4-B9917397E353}.Release|x64.ActiveCfg = Release|Any CPU
		{C913C567-BC22-4CBB-BEB4-B9917397E353}.Release|x64.Build.0 = Release|Any CPU
		{C913C567-BC22-4CBB-BEB4-B9917397E353}.Release|x86.ActiveCfg = Release|Any CPU
		{C913C567-BC22-4CBB-BEB4-B9917397E353}.Release|x86.Build.0 = Release|Any CPU
		{D01B7183-107A-4327-A528-7EC0F07DC758}.Debug|Any CPU.ActiveCfg = Debug|Any CPU
		{D01B7183-107A-4327-A528-7EC0F07DC758}.Debug|Any CPU.Build.0 = Debug|Any CPU
		{D01B7183-107A-4327-A528-7EC0F07DC758}.Debug|x64.ActiveCfg = Debug|Any CPU
		{D01B7183-107A-4327-A528-7EC0F07DC758}.Debug|x64.Build.0 = Debug|Any CPU
		{D01B7183-107A-4327-A528-7EC0F07DC758}.Debug|x86.ActiveCfg = Debug|Any CPU
		{D01B7183-107A-4327-A528-7EC0F07DC758}.Debug|x86.Build.0 = Debug|Any CPU
		{D01B7183-107A-4327-A528-7EC0F07DC758}.Release|Any CPU.ActiveCfg = Release|Any CPU
		{D01B7183-107A-4327-A528-7EC0F07DC758}.Release|Any CPU.Build.0 = Release|Any CPU
		{D01B7183-107A-4327-A528-7EC0F07DC758}.Release|x64.ActiveCfg = Release|Any CPU
		{D01B7183-107A-4327-A528-7EC0F07DC758}.Release|x64.Build.0 = Release|Any CPU
		{D01B7183-107A-4327-A528-7EC0F07DC758}.Release|x86.ActiveCfg = Release|Any CPU
		{D01B7183-107A-4327-A528-7EC0F07DC758}.Release|x86.Build.0 = Release|Any CPU
		{7957FBA0-9CB2-42E4-9D3C-EE280F188A89}.Debug|Any CPU.ActiveCfg = Debug|Any CPU
		{7957FBA0-9CB2-42E4-9D3C-EE280F188A89}.Debug|Any CPU.Build.0 = Debug|Any CPU
		{7957FBA0-9CB2-42E4-9D3C-EE280F188A89}.Debug|x64.ActiveCfg = Debug|Any CPU
		{7957FBA0-9CB2-42E4-9D3C-EE280F188A89}.Debug|x64.Build.0 = Debug|Any CPU
		{7957FBA0-9CB2-42E4-9D3C-EE280F188A89}.Debug|x86.ActiveCfg = Debug|Any CPU
		{7957FBA0-9CB2-42E4-9D3C-EE280F188A89}.Debug|x86.Build.0 = Debug|Any CPU
		{7957FBA0-9CB2-42E4-9D3C-EE280F188A89}.Release|Any CPU.ActiveCfg = Release|Any CPU
		{7957FBA0-9CB2-42E4-9D3C-EE280F188A89}.Release|Any CPU.Build.0 = Release|Any CPU
		{7957FBA0-9CB2-42E4-9D3C-EE280F188A89}.Release|x64.ActiveCfg = Release|Any CPU
		{7957FBA0-9CB2-42E4-9D3C-EE280F188A89}.Release|x64.Build.0 = Release|Any CPU
		{7957FBA0-9CB2-42E4-9D3C-EE280F188A89}.Release|x86.ActiveCfg = Release|Any CPU
		{7957FBA0-9CB2-42E4-9D3C-EE280F188A89}.Release|x86.Build.0 = Release|Any CPU
		{BC55975B-C9EE-4659-8618-727497B89219}.Debug|Any CPU.ActiveCfg = Debug|Any CPU
		{BC55975B-C9EE-4659-8618-727497B89219}.Debug|Any CPU.Build.0 = Debug|Any CPU
		{BC55975B-C9EE-4659-8618-727497B89219}.Debug|x64.ActiveCfg = Debug|Any CPU
		{BC55975B-C9EE-4659-8618-727497B89219}.Debug|x64.Build.0 = Debug|Any CPU
		{BC55975B-C9EE-4659-8618-727497B89219}.Debug|x86.ActiveCfg = Debug|Any CPU
		{BC55975B-C9EE-4659-8618-727497B89219}.Debug|x86.Build.0 = Debug|Any CPU
		{BC55975B-C9EE-4659-8618-727497B89219}.Release|Any CPU.ActiveCfg = Release|Any CPU
		{BC55975B-C9EE-4659-8618-727497B89219}.Release|Any CPU.Build.0 = Release|Any CPU
		{BC55975B-C9EE-4659-8618-727497B89219}.Release|x64.ActiveCfg = Release|Any CPU
		{BC55975B-C9EE-4659-8618-727497B89219}.Release|x64.Build.0 = Release|Any CPU
		{BC55975B-C9EE-4659-8618-727497B89219}.Release|x86.ActiveCfg = Release|Any CPU
		{BC55975B-C9EE-4659-8618-727497B89219}.Release|x86.Build.0 = Release|Any CPU
		{A28DBCD2-100D-485C-ABAA-3625024B14C8}.Debug|Any CPU.ActiveCfg = Debug|Any CPU
		{A28DBCD2-100D-485C-ABAA-3625024B14C8}.Debug|Any CPU.Build.0 = Debug|Any CPU
		{A28DBCD2-100D-485C-ABAA-3625024B14C8}.Debug|x64.ActiveCfg = Debug|Any CPU
		{A28DBCD2-100D-485C-ABAA-3625024B14C8}.Debug|x64.Build.0 = Debug|Any CPU
		{A28DBCD2-100D-485C-ABAA-3625024B14C8}.Debug|x86.ActiveCfg = Debug|Any CPU
		{A28DBCD2-100D-485C-ABAA-3625024B14C8}.Debug|x86.Build.0 = Debug|Any CPU
		{A28DBCD2-100D-485C-ABAA-3625024B14C8}.Release|Any CPU.ActiveCfg = Release|Any CPU
		{A28DBCD2-100D-485C-ABAA-3625024B14C8}.Release|Any CPU.Build.0 = Release|Any CPU
		{A28DBCD2-100D-485C-ABAA-3625024B14C8}.Release|x64.ActiveCfg = Release|Any CPU
		{A28DBCD2-100D-485C-ABAA-3625024B14C8}.Release|x64.Build.0 = Release|Any CPU
		{A28DBCD2-100D-485C-ABAA-3625024B14C8}.Release|x86.ActiveCfg = Release|Any CPU
		{A28DBCD2-100D-485C-ABAA-3625024B14C8}.Release|x86.Build.0 = Release|Any CPU
	EndGlobalSection
	GlobalSection(SolutionProperties) = preSolution
		HideSolutionNode = FALSE
	EndGlobalSection
	GlobalSection(NestedProjects) = preSolution
		{7B1E1DB3-FD2B-4C0F-AC10-2A8A405E8BC6} = {4F52FD11-658E-A102-6CD3-7D7C16FFA15B}
		{C913C567-BC22-4CBB-BEB4-B9917397E353} = {8966EFF1-A2EF-89BB-168D-3BE157AAD68F}
		{D01B7183-107A-4327-A528-7EC0F07DC758} = {8966EFF1-A2EF-89BB-168D-3BE157AAD68F}
		{7957FBA0-9CB2-42E4-9D3C-EE280F188A89} = {DAD03CFC-D5FA-AC94-41C7-9ABAB326F09E}
		{BC55975B-C9EE-4659-8618-727497B89219} = {DAD03CFC-D5FA-AC94-41C7-9ABAB326F09E}
		{A28DBCD2-100D-485C-ABAA-3625024B14C8} = {2CB42F12-E813-91B3-7D11-3220E40BEF4A}
	EndGlobalSection
EndGlobal
